
Microsoft Visual Studio Solution File, Format Version 12.00
# Visual Studio Version 17
VisualStudioVersion = 17.6.33801.468
MinimumVisualStudioVersion = 10.0.40219.1
Project("{8BC9CEB8-8B4A-11D0-8D11-00A0C91BC942}") = "Test", "Test\Test.vcxproj", "{CBE7C714-FB9F-4DCA-9D86-E9755297EAD6}"
EndProject
Project("{8BC9CEB8-8B4A-11D0-8D11-00A0C91BC942}") = "DllDelayLoad", "DllDelayLoad\DllDelayLoad.vcxproj", "{B6CBBC7B-6206-48D0-8145-848684A9512F}"
EndProject
Project("{8BC9CEB8-8B4A-11D0-8D11-00A0C91BC942}") = "Hook", "Hook\Hook.vcxproj", "{25D2A7CF-2EB1-4F19-992A-418C7EF4ACB0}"
EndProject
Project("{8BC9CEB8-8B4A-11D0-8D11-00A0C91BC942}") = "HookUser", "HookUser\HookUser.vcxproj", "{7630406E-9308-44AC-8CA0-9D8F7DC45174}"
EndProject
Project("{8BC9CEB8-8B4A-11D0-8D11-00A0C91BC942}") = "RemoteThreadInjection_Dll", "RemoteThreadInjection_Dll\RemoteThreadInjection_Dll.vcxproj", "{35CDD8DC-560D-4590-A481-5DCDD5E55DD7}"
EndProject
Project("{8BC9CEB8-8B4A-11D0-8D11-00A0C91BC942}") = "RemoteThreadInjection", "RemoteThreadInjection\RemoteThreadInjection.vcxproj", "{5AF9DC2E-33C2-4802-8838-7FDC1B59AF40}"
EndProject
Global
	GlobalSection(SolutionConfigurationPlatforms) = preSolution
		Debug|x64 = Debug|x64
		Debug|x86 = Debug|x86
		Release|x64 = Release|x64
		Release|x86 = Release|x86
	EndGlobalSection
	GlobalSection(ProjectConfigurationPlatforms) = postSolution
		{CBE7C714-FB9F-4DCA-9D86-E9755297EAD6}.Debug|x64.ActiveCfg = Debug|x64
		{CBE7C714-FB9F-4DCA-9D86-E9755297EAD6}.Debug|x64.Build.0 = Debug|x64
		{CBE7C714-FB9F-4DCA-9D86-E9755297EAD6}.Debug|x86.ActiveCfg = Debug|Win32
		{CBE7C714-FB9F-4DCA-9D86-E9755297EAD6}.Debug|x86.Build.0 = Debug|Win32
		{CBE7C714-FB9F-4DCA-9D86-E9755297EAD6}.Release|x64.ActiveCfg = Release|x64
		{CBE7C714-FB9F-4DCA-9D86-E9755297EAD6}.Release|x64.Build.0 = Release|x64
		{CBE7C714-FB9F-4DCA-9D86-E9755297EAD6}.Release|x86.ActiveCfg = Release|Win32
		{CBE7C714-FB9F-4DCA-9D86-E9755297EAD6}.Release|x86.Build.0 = Release|Win32
		{B6CBBC7B-6206-48D0-8145-848684A9512F}.Debug|x64.ActiveCfg = Debug|x64
		{B6CBBC7B-6206-48D0-8145-848684A9512F}.Debug|x64.Build.0 = Debug|x64
		{B6CBBC7B-6206-48D0-8145-848684A9512F}.Debug|x86.ActiveCfg = Debug|Win32
		{B6CBBC7B-6206-48D0-8145-848684A9512F}.Debug|x86.Build.0 = Debug|Win32
		{B6CBBC7B-6206-48D0-8145-848684A9512F}.Release|x64.ActiveCfg = Release|x64
		{B6CBBC7B-6206-48D0-8145-848684A9512F}.Release|x64.Build.0 = Release|x64
		{B6CBBC7B-6206-48D0-8145-848684A9512F}.Release|x86.ActiveCfg = Release|Win32
		{B6CBBC7B-6206-48D0-8145-848684A9512F}.Release|x86.Build.0 = Release|Win32
		{25D2A7CF-2EB1-4F19-992A-418C7EF4ACB0}.Debug|x64.ActiveCfg = Debug|x64
		{25D2A7CF-2EB1-4F19-992A-418C7EF4ACB0}.Debug|x64.Build.0 = Debug|x64
		{25D2A7CF-2EB1-4F19-992A-418C7EF4ACB0}.Debug|x86.ActiveCfg = Debug|Win32
		{25D2A7CF-2EB1-4F19-992A-418C7EF4ACB0}.Debug|x86.Build.0 = Debug|Win32
		{25D2A7CF-2EB1-4F19-992A-418C7EF4ACB0}.Release|x64.ActiveCfg = Release|x64
		{25D2A7CF-2EB1-4F19-992A-418C7EF4ACB0}.Release|x64.Build.0 = Release|x64
		{25D2A7CF-2EB1-4F19-992A-418C7EF4ACB0}.Release|x86.ActiveCfg = Release|Win32
		{25D2A7CF-2EB1-4F19-992A-418C7EF4ACB0}.Release|x86.Build.0 = Release|Win32
		{7630406E-9308-44AC-8CA0-9D8F7DC45174}.Debug|x64.ActiveCfg = Debug|x64
		{7630406E-9308-44AC-8CA0-9D8F7DC45174}.Debug|x64.Build.0 = Debug|x64
		{7630406E-9308-44AC-8CA0-9D8F7DC45174}.Debug|x86.ActiveCfg = Debug|Win32
		{7630406E-9308-44AC-8CA0-9D8F7DC45174}.Debug|x86.Build.0 = Debug|Win32
		{7630406E-9308-44AC-8CA0-9D8F7DC45174}.Release|x64.ActiveCfg = Release|x64
		{7630406E-9308-44AC-8CA0-9D8F7DC45174}.Release|x64.Build.0 = Release|x64
		{7630406E-9308-44AC-8CA0-9D8F7DC45174}.Release|x86.ActiveCfg = Release|Win32
		{7630406E-9308-44AC-8CA0-9D8F7DC45174}.Release|x86.Build.0 = Release|Win32
		{35CDD8DC-560D-4590-A481-5DCDD5E55DD7}.Debug|x64.ActiveCfg = Debug|x64
		{35CDD8DC-560D-4590-A481-5DCDD5E55DD7}.Debug|x64.Build.0 = Debug|x64
		{35CDD8DC-560D-4590-A481-5DCDD5E55DD7}.Debug|x86.ActiveCfg = Debug|Win32
		{35CDD8DC-560D-4590-A481-5DCDD5E55DD7}.Debug|x86.Build.0 = Debug|Win32
		{35CDD8DC-560D-4590-A481-5DCDD5E55DD7}.Release|x64.ActiveCfg = Release|x64
		{35CDD8DC-560D-4590-A481-5DCDD5E55DD7}.Release|x64.Build.0 = Release|x64
		{35CDD8DC-560D-4590-A481-5DCDD5E55DD7}.Release|x86.ActiveCfg = Release|Win32
		{35CDD8DC-560D-4590-A481-5DCDD5E55DD7}.Release|x86.Build.0 = Release|Win32
		{5AF9DC2E-33C2-4802-8838-7FDC1B59AF40}.Debug|x64.ActiveCfg = Debug|x64
		{5AF9DC2E-33C2-4802-8838-7FDC1B59AF40}.Debug|x64.Build.0 = Debug|x64
		{5AF9DC2E-33C2-4802-8838-7FDC1B59AF40}.Debug|x86.ActiveCfg = Debug|Win32
		{5AF9DC2E-33C2-4802-8838-7FDC1B59AF40}.Debug|x86.Build.0 = Debug|Win32
		{5AF9DC2E-33C2-4802-8838-7FDC1B59AF40}.Release|x64.ActiveCfg = Release|x64
		{5AF9DC2E-33C2-4802-8838-7FDC1B59AF40}.Release|x64.Build.0 = Release|x64
		{5AF9DC2E-33C2-4802-8838-7FDC1B59AF40}.Release|x86.ActiveCfg = Release|Win32
		{5AF9DC2E-33C2-4802-8838-7FDC1B59AF40}.Release|x86.Build.0 = Release|Win32
	EndGlobalSection
	GlobalSection(SolutionProperties) = preSolution
		HideSolutionNode = FALSE
	EndGlobalSection
	GlobalSection(ExtensibilityGlobals) = postSolution
		SolutionGuid = {085362C8-5A14-4A1D-B800-778E014D1E80}
	EndGlobalSection
EndGlobal
